
Microsoft Visual Studio Solution File, Format Version 12.00
# Visual Studio Version 16
VisualStudioVersion = 16.0.31005.135
MinimumVisualStudioVersion = 10.0.40219.1
Project("{FAE04EC0-301F-11D3-BF4B-00C04F79EFBC}") = "DragonDBExample", "DragonDBExample\DragonDBExample.csproj", "{D82D28B6-7F4C-46A8-A6CA-2180CFB1C063}"
EndProject
Global
	GlobalSection(SolutionConfigurationPlatforms) = preSolution
		Debug|Any CPU = Debug|Any CPU
		Release|Any CPU = Release|Any CPU
	EndGlobalSection
	GlobalSection(ProjectConfigurationPlatforms) = postSolution
		{D82D28B6-7F4C-46A8-A6CA-2180CFB1C063}.Debug|Any CPU.ActiveCfg = Debug|Any CPU
		{D82D28B6-7F4C-46A8-A6CA-2180CFB1C063}.Debug|Any CPU.Build.0 = Debug|Any CPU
		{D82D28B6-7F4C-46A8-A6CA-2180CFB1C063}.Release|Any CPU.ActiveCfg = Release|Any CPU
		{D82D28B6-7F4C-46A8-A6CA-2180CFB1C063}.Release|Any CPU.Build.0 = Release|Any CPU
	EndGlobalSection
	GlobalSection(SolutionProperties) = preSolution
		HideSolutionNode = FALSE
	EndGlobalSection
	GlobalSection(ExtensibilityGlobals) = postSolution
		SolutionGuid = {FB9036A9-D98C-4055-8241-582D6EB94B1F}
	EndGlobalSection
EndGlobal
